
Microsoft Visual Studio Solution File, Format Version 12.00
# Visual Studio Version 17
VisualStudioVersion = 17.9.34607.119
MinimumVisualStudioVersion = 10.0.40219.1
Project("{2150E333-8FDC-42A3-9474-1A3956D46DE8}") = "Chapter01", "Chapter01", "{C8346D52-C871-43E3-B99D-486823375FAB}"
EndProject
Project("{FAE04EC0-301F-11D3-BF4B-00C04F79EFBC}") = "ProductSample", "ProductSample\ProductSample.csproj", "{3DA4B922-7450-4D39-B5F7-43A430115A9E}"
EndProject
Project("{FAE04EC0-301F-11D3-BF4B-00C04F79EFBC}") = "sample_p38", "Chapter01\sample_p38\sample_p38.csproj", "{C2C699A5-7C1F-4709-9E92-C43816436A99}"
EndProject
Project("{2150E333-8FDC-42A3-9474-1A3956D46DE8}") = "Chapter02", "Chapter02", "{1FA3B1C0-A50A-4463-9677-2ECD95B81BC6}"
EndProject
Project("{2150E333-8FDC-42A3-9474-1A3956D46DE8}") = "距離換算プログラム", "距離換算プログラム", "{8D80106E-BA07-4C3C-8B35-1BCC9D0D6DAE}"
EndProject
Project("{FAE04EC0-301F-11D3-BF4B-00C04F79EFBC}") = "DistanceConverter", "Chapter02\DistanceConverter\DistanceConverter.csproj", "{62B20F6A-6416-4DA4-888C-FFDCB3577C0F}"
EndProject
Project("{2150E333-8FDC-42A3-9474-1A3956D46DE8}") = "売上集計プログラム", "売上集計プログラム", "{BC69CE50-296B-47FF-AF5A-23EAAEA620A5}"
EndProject
Project("{FAE04EC0-301F-11D3-BF4B-00C04F79EFBC}") = "SalesCounter", "Program\SalesCounter.csproj", "{C9F62180-8D50-4B97-85E2-ED74B6C94A8D}"
EndProject
Project("{2150E333-8FDC-42A3-9474-1A3956D46DE8}") = "data", "data", "{85FA9BA2-F5A8-41B3-8B00-17AD298DA262}"
EndProject
Project("{2150E333-8FDC-42A3-9474-1A3956D46DE8}") = "#演習問題", "#演習問題", "{D86FC5F5-D2CA-47DB-BA4C-A805C459951E}"
EndProject
Project("{FAE04EC0-301F-11D3-BF4B-00C04F79EFBC}") = "Exercise1", "Chapter02\演習問題\Exercise1\Exercise1.csproj", "{853D2837-6B88-4AD3-8445-0DB807AE1509}"
EndProject
Project("{FAE04EC0-301F-11D3-BF4B-00C04F79EFBC}") = "Exercise2", "Chapter02\演習問題\Exercise2\Exercise2.csproj", "{CEFDCB74-47C1-42D1-A316-EC343E09A2E2}"
EndProject
Project("{2150E333-8FDC-42A3-9474-1A3956D46DE8}") = "FormApps", "FormApps", "{C813EA53-B56B-4926-826A-62DEA7559518}"
EndProject
Project("{9A19103F-16F7-4668-BE54-9A1E7A4F7556}") = "BallApp", "FormApps\BallApp\BallApp.csproj", "{A30A0642-CAF0-4050-A8E2-E57939D70814}"
EndProject
Project("{2150E333-8FDC-42A3-9474-1A3956D46DE8}") = "Chapter03", "Chapter03", "{6ED5D7B6-0E54-4CE1-A963-C35564D4FC68}"
EndProject
Project("{FAE04EC0-301F-11D3-BF4B-00C04F79EFBC}") = "Section01", "Chapter03\Section01\Section01.csproj", "{9E581505-C2F8-481D-8D91-DD9BB1F1D0F1}"
EndProject
Project("{2150E333-8FDC-42A3-9474-1A3956D46DE8}") = "演習問題", "演習問題", "{652C2C02-55DA-490F-B175-E32AA18E7D2C}"
EndProject
Project("{FAE04EC0-301F-11D3-BF4B-00C04F79EFBC}") = "Exercise01", "Chapter03\演習問題\Exercise01\Exercise01.csproj", "{82497272-992E-4B74-907B-F1CABA0DFAB7}"
EndProject
Project("{FAE04EC0-301F-11D3-BF4B-00C04F79EFBC}") = "Exercise02", "Chapter03\演習問題\Exercise02\Exercise02.csproj", "{F2275E66-2AD5-4F69-9F6F-AA4A8EF1FEBD}"
EndProject
Project("{2150E333-8FDC-42A3-9474-1A3956D46DE8}") = "Chapter04", "Chapter04", "{E1E8E60A-6E64-426F-8948-68297B2576E3}"
EndProject
Project("{FAE04EC0-301F-11D3-BF4B-00C04F79EFBC}") = "console1", "Chapter04\console1\console1.csproj", "{975AAB05-75E4-4E89-AD89-ABD31A93E62D}"
EndProject
Project("{2150E333-8FDC-42A3-9474-1A3956D46DE8}") = "演習問題", "演習問題", "{769953E5-6966-4B5D-A40F-1BEAB5AF02B2}"
EndProject
Project("{FAE04EC0-301F-11D3-BF4B-00C04F79EFBC}") = "Exercise01", "Chapter04\演習問題\Exercise01\Exercise01.csproj", "{1DD6E7DB-CA54-4EEE-9D0D-1EAE05FF99CA}"
EndProject
Project("{FAE04EC0-301F-11D3-BF4B-00C04F79EFBC}") = "Exercise02", "Chapter04\演習問題\Exercise02\Exercise02.csproj", "{E5CE1750-51B4-4E4C-A424-B9B01B6ECDB2}"
EndProject
Project("{2150E333-8FDC-42A3-9474-1A3956D46DE8}") = "Chapter05", "Chapter05", "{97DB7AA5-6096-46E7-A90D-76AA78524EA1}"
EndProject
Project("{2150E333-8FDC-42A3-9474-1A3956D46DE8}") = "演習問題", "演習問題", "{89F4E3F6-E827-43BB-B700-E694EC3D6394}"
EndProject
Project("{FAE04EC0-301F-11D3-BF4B-00C04F79EFBC}") = "Exercise01", "Chapter05\演習問題\Exercise01\Exercise01.csproj", "{C2CF2F4B-A913-4477-A374-EA3236700707}"
EndProject
Project("{FAE04EC0-301F-11D3-BF4B-00C04F79EFBC}") = "Exercise02", "Chapter05\演習問題\Exercise02\Exercise02.csproj", "{45586CBC-2E06-4EF6-9480-8A30D895A2C0}"
EndProject
Project("{FAE04EC0-301F-11D3-BF4B-00C04F79EFBC}") = "Exercise03", "Chapter05\演習問題\Exercise03\Exercise03.csproj", "{1702608C-3486-4941-9F9C-0FA1DC65417E}"
EndProject
Project("{FAE04EC0-301F-11D3-BF4B-00C04F79EFBC}") = "Exercise04", "Chapter05\Chapter04\Exercise04.csproj", "{591F460B-1F26-4952-A161-700295B8ACCF}"
EndProject
Project("{FAE04EC0-301F-11D3-BF4B-00C04F79EFBC}") = "Exercise04", "Chapter05\Exercise04\Exercise04.csproj", "{5E85C0BE-E2D4-41E6-AD51-0C9FD19847CD}"
EndProject
Project("{2150E333-8FDC-42A3-9474-1A3956D46DE8}") = "Chapter06", "Chapter06", "{A1D7CBD2-B7C1-4DB4-AC8C-839341B7992E}"
EndProject
Project("{FAE04EC0-301F-11D3-BF4B-00C04F79EFBC}") = "Section01", "Chapter06\Section01\Section01.csproj", "{27845627-A646-4CDC-87D3-CCA2AC1A07F0}"
EndProject
Project("{2150E333-8FDC-42A3-9474-1A3956D46DE8}") = "演習問題", "演習問題", "{2D6417C6-02ED-43CD-99C6-C7946EEBBEEE}"
EndProject
Project("{FAE04EC0-301F-11D3-BF4B-00C04F79EFBC}") = "Exercise01", "Chapter06\演習問題\Exercise01\Exercise01.csproj", "{39ECA9C4-6E00-4E45-B641-A93D1D27C9C9}"
EndProject
Project("{FAE04EC0-301F-11D3-BF4B-00C04F79EFBC}") = "Exercise02", "Chapter06\演習問題\Exercise02\Exercise02.csproj", "{428324C3-9B96-4B64-B3C6-17881262FC7E}"
EndProject
Project("{2150E333-8FDC-42A3-9474-1A3956D46DE8}") = "Chapter07", "Chapter07", "{91563647-E728-4AB6-B9EC-338FAF2CE5A4}"
EndProject
Project("{FAE04EC0-301F-11D3-BF4B-00C04F79EFBC}") = "Section01", "Chapter07\Section01\Section01.csproj", "{630D3D4A-98AF-499D-ABF0-FA70CCD40713}"
EndProject
Project("{FAE04EC0-301F-11D3-BF4B-00C04F79EFBC}") = "Section02", "Chapter07\Section02\Section02.csproj", "{C59E8648-6E69-490C-9649-E43A95883E69}"
EndProject
Project("{2150E333-8FDC-42A3-9474-1A3956D46DE8}") = "Test01", "Test01", "{E2A0BBD6-2AA1-4AA2-B2D5-652DFBA36598}"
EndProject
Project("{FAE04EC0-301F-11D3-BF4B-00C04F79EFBC}") = "Test01", "TestProject\Test01\Test01.csproj", "{2BFACDC3-F44D-4199-8498-F5C3C4AC0335}"
EndProject
Project("{FAE04EC0-301F-11D3-BF4B-00C04F79EFBC}") = "Test02", "TestProject\Test02\Test02.csproj", "{E461C0A8-8900-485C-B520-E929BA33F712}"
EndProject
Project("{FAE04EC0-301F-11D3-BF4B-00C04F79EFBC}") = "Section03", "Chapter07\Section03\Section03.csproj", "{3A534F4E-A333-41A4-9209-99902FC58283}"
EndProject
Project("{FAE04EC0-301F-11D3-BF4B-00C04F79EFBC}") = "Section04", "Chapter07\Section04\Section04.csproj", "{05603626-0F0B-449A-AAED-A51484C6A0CE}"
EndProject
Project("{2150E333-8FDC-42A3-9474-1A3956D46DE8}") = "Chapter08", "Chapter08", "{8EB610EF-5D33-42E0-8793-DD5EB081A2EA}"
EndProject
Project("{FAE04EC0-301F-11D3-BF4B-00C04F79EFBC}") = "Section01", "Chapter08\Section01\Section01.csproj", "{1C5BA055-271E-40A9-A30D-AACD03F1ABFD}"
EndProject
Project("{9A19103F-16F7-4668-BE54-9A1E7A4F7556}") = "DateTimeApp", "FormApps\DateTimeApp\DateTimeApp.csproj", "{561A81E6-FB02-443E-9510-1B3FB200DE0D}"
EndProject
Project("{2150E333-8FDC-42A3-9474-1A3956D46DE8}") = "演習問題", "演習問題", "{7C5D9C9C-D373-433C-8BC0-BFC6559629F5}"
EndProject
Project("{9A19103F-16F7-4668-BE54-9A1E7A4F7556}") = "Exercise01", "Chapter08\演習問題\Exercise01\Exercise01.csproj", "{F4E127FE-745D-41CF-A616-D5657A225664}"
EndProject
Project("{9A19103F-16F7-4668-BE54-9A1E7A4F7556}") = "CarReportSystem", "FormApps\CarReportSystem\CarReportSystem.csproj", "{10741B38-7015-4BF0-9F9C-ABCD9A609CE7}"
EndProject
Project("{2150E333-8FDC-42A3-9474-1A3956D46DE8}") = "test2407", "test2407", "{209D5523-516F-4A1E-84AD-1CD09D47EC1C}"
EndProject
Project("{FAE04EC0-301F-11D3-BF4B-00C04F79EFBC}") = "Test02", "TestProject\Test02_01\Test02.csproj", "{9629460F-6875-4F78-AFFB-A5FD0F63E783}"
EndProject
Project("{2150E333-8FDC-42A3-9474-1A3956D46DE8}") = "Chapter11", "Chapter11", "{70DDB087-273C-4B76-B70C-6B1BD8923E6A}"
EndProject
Project("{2150E333-8FDC-42A3-9474-1A3956D46DE8}") = "演習問題", "演習問題", "{578DD795-449A-40E7-A0ED-09B7734CD972}"
EndProject
Project("{FAE04EC0-301F-11D3-BF4B-00C04F79EFBC}") = "Section01", "Chapter11\Section01\Section01.csproj", "{99D80059-DBCA-42A7-9A7B-3FEDD26652FA}"
EndProject
Project("{FAE04EC0-301F-11D3-BF4B-00C04F79EFBC}") = "Exercise01", "Chapter11\演習問題\Exercise01\Exercise01.csproj", "{46E83855-247C-4B32-882A-A2A1DF89BE52}"
EndProject
Project("{FAE04EC0-301F-11D3-BF4B-00C04F79EFBC}") = "Section02", "Chapter11\Section02\Section02.csproj", "{CC9568A5-6ADC-4513-808F-5562CD406A76}"
EndProject
Project("{2150E333-8FDC-42A3-9474-1A3956D46DE8}") = "Chapter12", "Chapter12", "{04E79049-7D47-4519-BB31-38E3EC416497}"
EndProject
Project("{FAE04EC0-301F-11D3-BF4B-00C04F79EFBC}") = "Section01", "Chapter12\Section01\Section01.csproj", "{610E0920-F393-47E3-9B35-9E43983E7E1D}"
EndProject
Project("{2150E333-8FDC-42A3-9474-1A3956D46DE8}") = "演習問題", "演習問題", "{475E1C0C-76A3-4AF6-A71C-250F8C0DDB0A}"
EndProject
Project("{FAE04EC0-301F-11D3-BF4B-00C04F79EFBC}") = "Exercise01", "Chapter12\演習問題\Exercise01\Exercise01.csproj", "{2E790409-A5F1-4A96-945C-BC411399250B}"
EndProject
Project("{FAE04EC0-301F-11D3-BF4B-00C04F79EFBC}") = "Section02", "Chapter12\Section02\Section02.csproj", "{89BEAFD4-E006-4871-95D3-13937D659427}"
EndProject
Project("{FAE04EC0-301F-11D3-BF4B-00C04F79EFBC}") = "RssReader", "FormApps\RssReader\RssReader.csproj", "{F75D07F0-0706-49C4-A18E-1FBBFEA118CD}"
EndProject
Project("{2150E333-8FDC-42A3-9474-1A3956D46DE8}") = "Chapter13", "Chapter13", "{1DF3705A-CB71-4236-994F-6B83E1E519BE}"
EndProject
Project("{FAE04EC0-301F-11D3-BF4B-00C04F79EFBC}") = "SampleEntityFramework", "Chapter13\SampleEntityFramework\SampleEntityFramework.csproj", "{5E5CD565-1AC7-4667-A53E-A404F76732D0}"
EndProject
Project("{FAE04EC0-301F-11D3-BF4B-00C04F79EFBC}") = "ADOsample", "FormApps\ADOsample\ADOsample.csproj", "{5F61B8CE-625E-4629-8892-935789FB3660}"
EndProject
Project("{2150E333-8FDC-42A3-9474-1A3956D46DE8}") = "Chapter15", "Chapter15", "{120579B2-1A3D-4682-9EC2-D35F4A3F233B}"
EndProject
Project("{FAE04EC0-301F-11D3-BF4B-00C04F79EFBC}") = "Section01", "Chapter15\Section01\Section01.csproj", "{73D19D9B-01B5-4212-B502-45C35F623010}"
EndProject
Project("{2150E333-8FDC-42A3-9474-1A3956D46DE8}") = "演習問題", "演習問題", "{FD896D71-608E-40E7-94DA-98F3AB9E179B}"
EndProject
Project("{FAE04EC0-301F-11D3-BF4B-00C04F79EFBC}") = "Exrcise01", "Chapter15\演習問題\Exrcise01\Exrcise01.csproj", "{BD158234-2A12-4C56-ABA0-831C6D416B38}"
EndProject
Project("{2150E333-8FDC-42A3-9474-1A3956D46DE8}") = "Chapter16", "Chapter16", "{ADF22E5B-66BC-4912-8B81-78043367483A}"
EndProject
Project("{FAE04EC0-301F-11D3-BF4B-00C04F79EFBC}") = "Section03", "Chapter16\Section03\Section03.csproj", "{DE19983B-D468-4509-9D01-DB3A409CA019}"
EndProject
Project("{FAE04EC0-301F-11D3-BF4B-00C04F79EFBC}") = "Secyion04", "Chapter16\Secyion04\Secyion04.csproj", "{4B373A44-3542-43A6-A0CF-8DAED05D053F}"
EndProject
Global
	GlobalSection(SolutionConfigurationPlatforms) = preSolution
		Debug|Any CPU = Debug|Any CPU
		Release|Any CPU = Release|Any CPU
	EndGlobalSection
	GlobalSection(ProjectConfigurationPlatforms) = postSolution
		{3DA4B922-7450-4D39-B5F7-43A430115A9E}.Debug|Any CPU.ActiveCfg = Debug|Any CPU
		{3DA4B922-7450-4D39-B5F7-43A430115A9E}.Debug|Any CPU.Build.0 = Debug|Any CPU
		{3DA4B922-7450-4D39-B5F7-43A430115A9E}.Release|Any CPU.ActiveCfg = Release|Any CPU
		{3DA4B922-7450-4D39-B5F7-43A430115A9E}.Release|Any CPU.Build.0 = Release|Any CPU
		{C2C699A5-7C1F-4709-9E92-C43816436A99}.Debug|Any CPU.ActiveCfg = Debug|Any CPU
		{C2C699A5-7C1F-4709-9E92-C43816436A99}.Debug|Any CPU.Build.0 = Debug|Any CPU
		{C2C699A5-7C1F-4709-9E92-C43816436A99}.Release|Any CPU.ActiveCfg = Release|Any CPU
		{C2C699A5-7C1F-4709-9E92-C43816436A99}.Release|Any CPU.Build.0 = Release|Any CPU
		{62B20F6A-6416-4DA4-888C-FFDCB3577C0F}.Debug|Any CPU.ActiveCfg = Debug|Any CPU
		{62B20F6A-6416-4DA4-888C-FFDCB3577C0F}.Debug|Any CPU.Build.0 = Debug|Any CPU
		{62B20F6A-6416-4DA4-888C-FFDCB3577C0F}.Release|Any CPU.ActiveCfg = Release|Any CPU
		{62B20F6A-6416-4DA4-888C-FFDCB3577C0F}.Release|Any CPU.Build.0 = Release|Any CPU
		{C9F62180-8D50-4B97-85E2-ED74B6C94A8D}.Debug|Any CPU.ActiveCfg = Debug|Any CPU
		{C9F62180-8D50-4B97-85E2-ED74B6C94A8D}.Debug|Any CPU.Build.0 = Debug|Any CPU
		{C9F62180-8D50-4B97-85E2-ED74B6C94A8D}.Release|Any CPU.ActiveCfg = Release|Any CPU
		{C9F62180-8D50-4B97-85E2-ED74B6C94A8D}.Release|Any CPU.Build.0 = Release|Any CPU
		{853D2837-6B88-4AD3-8445-0DB807AE1509}.Debug|Any CPU.ActiveCfg = Debug|Any CPU
		{853D2837-6B88-4AD3-8445-0DB807AE1509}.Debug|Any CPU.Build.0 = Debug|Any CPU
		{853D2837-6B88-4AD3-8445-0DB807AE1509}.Release|Any CPU.ActiveCfg = Release|Any CPU
		{853D2837-6B88-4AD3-8445-0DB807AE1509}.Release|Any CPU.Build.0 = Release|Any CPU
		{CEFDCB74-47C1-42D1-A316-EC343E09A2E2}.Debug|Any CPU.ActiveCfg = Debug|Any CPU
		{CEFDCB74-47C1-42D1-A316-EC343E09A2E2}.Debug|Any CPU.Build.0 = Debug|Any CPU
		{CEFDCB74-47C1-42D1-A316-EC343E09A2E2}.Release|Any CPU.ActiveCfg = Release|Any CPU
		{CEFDCB74-47C1-42D1-A316-EC343E09A2E2}.Release|Any CPU.Build.0 = Release|Any CPU
		{A30A0642-CAF0-4050-A8E2-E57939D70814}.Debug|Any CPU.ActiveCfg = Debug|Any CPU
		{A30A0642-CAF0-4050-A8E2-E57939D70814}.Debug|Any CPU.Build.0 = Debug|Any CPU
		{A30A0642-CAF0-4050-A8E2-E57939D70814}.Release|Any CPU.ActiveCfg = Release|Any CPU
		{A30A0642-CAF0-4050-A8E2-E57939D70814}.Release|Any CPU.Build.0 = Release|Any CPU
		{9E581505-C2F8-481D-8D91-DD9BB1F1D0F1}.Debug|Any CPU.ActiveCfg = Debug|Any CPU
		{9E581505-C2F8-481D-8D91-DD9BB1F1D0F1}.Debug|Any CPU.Build.0 = Debug|Any CPU
		{9E581505-C2F8-481D-8D91-DD9BB1F1D0F1}.Release|Any CPU.ActiveCfg = Release|Any CPU
		{9E581505-C2F8-481D-8D91-DD9BB1F1D0F1}.Release|Any CPU.Build.0 = Release|Any CPU
		{82497272-992E-4B74-907B-F1CABA0DFAB7}.Debug|Any CPU.ActiveCfg = Debug|Any CPU
		{82497272-992E-4B74-907B-F1CABA0DFAB7}.Debug|Any CPU.Build.0 = Debug|Any CPU
		{82497272-992E-4B74-907B-F1CABA0DFAB7}.Release|Any CPU.ActiveCfg = Release|Any CPU
		{82497272-992E-4B74-907B-F1CABA0DFAB7}.Release|Any CPU.Build.0 = Release|Any CPU
		{F2275E66-2AD5-4F69-9F6F-AA4A8EF1FEBD}.Debug|Any CPU.ActiveCfg = Debug|Any CPU
		{F2275E66-2AD5-4F69-9F6F-AA4A8EF1FEBD}.Debug|Any CPU.Build.0 = Debug|Any CPU
		{F2275E66-2AD5-4F69-9F6F-AA4A8EF1FEBD}.Release|Any CPU.ActiveCfg = Release|Any CPU
		{F2275E66-2AD5-4F69-9F6F-AA4A8EF1FEBD}.Release|Any CPU.Build.0 = Release|Any CPU
		{975AAB05-75E4-4E89-AD89-ABD31A93E62D}.Debug|Any CPU.ActiveCfg = Debug|Any CPU
		{975AAB05-75E4-4E89-AD89-ABD31A93E62D}.Debug|Any CPU.Build.0 = Debug|Any CPU
		{975AAB05-75E4-4E89-AD89-ABD31A93E62D}.Release|Any CPU.ActiveCfg = Release|Any CPU
		{975AAB05-75E4-4E89-AD89-ABD31A93E62D}.Release|Any CPU.Build.0 = Release|Any CPU
		{1DD6E7DB-CA54-4EEE-9D0D-1EAE05FF99CA}.Debug|Any CPU.ActiveCfg = Debug|Any CPU
		{1DD6E7DB-CA54-4EEE-9D0D-1EAE05FF99CA}.Debug|Any CPU.Build.0 = Debug|Any CPU
		{1DD6E7DB-CA54-4EEE-9D0D-1EAE05FF99CA}.Release|Any CPU.ActiveCfg = Release|Any CPU
		{1DD6E7DB-CA54-4EEE-9D0D-1EAE05FF99CA}.Release|Any CPU.Build.0 = Release|Any CPU
		{E5CE1750-51B4-4E4C-A424-B9B01B6ECDB2}.Debug|Any CPU.ActiveCfg = Debug|Any CPU
		{E5CE1750-51B4-4E4C-A424-B9B01B6ECDB2}.Debug|Any CPU.Build.0 = Debug|Any CPU
		{E5CE1750-51B4-4E4C-A424-B9B01B6ECDB2}.Release|Any CPU.ActiveCfg = Release|Any CPU
		{E5CE1750-51B4-4E4C-A424-B9B01B6ECDB2}.Release|Any CPU.Build.0 = Release|Any CPU
		{C2CF2F4B-A913-4477-A374-EA3236700707}.Debug|Any CPU.ActiveCfg = Debug|Any CPU
		{C2CF2F4B-A913-4477-A374-EA3236700707}.Debug|Any CPU.Build.0 = Debug|Any CPU
		{C2CF2F4B-A913-4477-A374-EA3236700707}.Release|Any CPU.ActiveCfg = Release|Any CPU
		{C2CF2F4B-A913-4477-A374-EA3236700707}.Release|Any CPU.Build.0 = Release|Any CPU
		{45586CBC-2E06-4EF6-9480-8A30D895A2C0}.Debug|Any CPU.ActiveCfg = Debug|Any CPU
		{45586CBC-2E06-4EF6-9480-8A30D895A2C0}.Debug|Any CPU.Build.0 = Debug|Any CPU
		{45586CBC-2E06-4EF6-9480-8A30D895A2C0}.Release|Any CPU.ActiveCfg = Release|Any CPU
		{45586CBC-2E06-4EF6-9480-8A30D895A2C0}.Release|Any CPU.Build.0 = Release|Any CPU
		{1702608C-3486-4941-9F9C-0FA1DC65417E}.Debug|Any CPU.ActiveCfg = Debug|Any CPU
		{1702608C-3486-4941-9F9C-0FA1DC65417E}.Debug|Any CPU.Build.0 = Debug|Any CPU
		{1702608C-3486-4941-9F9C-0FA1DC65417E}.Release|Any CPU.ActiveCfg = Release|Any CPU
		{1702608C-3486-4941-9F9C-0FA1DC65417E}.Release|Any CPU.Build.0 = Release|Any CPU
		{591F460B-1F26-4952-A161-700295B8ACCF}.Debug|Any CPU.ActiveCfg = Debug|Any CPU
		{591F460B-1F26-4952-A161-700295B8ACCF}.Debug|Any CPU.Build.0 = Debug|Any CPU
		{591F460B-1F26-4952-A161-700295B8ACCF}.Release|Any CPU.ActiveCfg = Release|Any CPU
		{591F460B-1F26-4952-A161-700295B8ACCF}.Release|Any CPU.Build.0 = Release|Any CPU
		{5E85C0BE-E2D4-41E6-AD51-0C9FD19847CD}.Debug|Any CPU.ActiveCfg = Debug|Any CPU
		{5E85C0BE-E2D4-41E6-AD51-0C9FD19847CD}.Debug|Any CPU.Build.0 = Debug|Any CPU
		{5E85C0BE-E2D4-41E6-AD51-0C9FD19847CD}.Release|Any CPU.ActiveCfg = Release|Any CPU
		{5E85C0BE-E2D4-41E6-AD51-0C9FD19847CD}.Release|Any CPU.Build.0 = Release|Any CPU
		{27845627-A646-4CDC-87D3-CCA2AC1A07F0}.Debug|Any CPU.ActiveCfg = Debug|Any CPU
		{27845627-A646-4CDC-87D3-CCA2AC1A07F0}.Debug|Any CPU.Build.0 = Debug|Any CPU
		{27845627-A646-4CDC-87D3-CCA2AC1A07F0}.Release|Any CPU.ActiveCfg = Release|Any CPU
		{27845627-A646-4CDC-87D3-CCA2AC1A07F0}.Release|Any CPU.Build.0 = Release|Any CPU
		{39ECA9C4-6E00-4E45-B641-A93D1D27C9C9}.Debug|Any CPU.ActiveCfg = Debug|Any CPU
		{39ECA9C4-6E00-4E45-B641-A93D1D27C9C9}.Debug|Any CPU.Build.0 = Debug|Any CPU
		{39ECA9C4-6E00-4E45-B641-A93D1D27C9C9}.Release|Any CPU.ActiveCfg = Release|Any CPU
		{39ECA9C4-6E00-4E45-B641-A93D1D27C9C9}.Release|Any CPU.Build.0 = Release|Any CPU
		{428324C3-9B96-4B64-B3C6-17881262FC7E}.Debug|Any CPU.ActiveCfg = Debug|Any CPU
		{428324C3-9B96-4B64-B3C6-17881262FC7E}.Debug|Any CPU.Build.0 = Debug|Any CPU
		{428324C3-9B96-4B64-B3C6-17881262FC7E}.Release|Any CPU.ActiveCfg = Release|Any CPU
		{428324C3-9B96-4B64-B3C6-17881262FC7E}.Release|Any CPU.Build.0 = Release|Any CPU
		{630D3D4A-98AF-499D-ABF0-FA70CCD40713}.Debug|Any CPU.ActiveCfg = Debug|Any CPU
		{630D3D4A-98AF-499D-ABF0-FA70CCD40713}.Debug|Any CPU.Build.0 = Debug|Any CPU
		{630D3D4A-98AF-499D-ABF0-FA70CCD40713}.Release|Any CPU.ActiveCfg = Release|Any CPU
		{630D3D4A-98AF-499D-ABF0-FA70CCD40713}.Release|Any CPU.Build.0 = Release|Any CPU
		{C59E8648-6E69-490C-9649-E43A95883E69}.Debug|Any CPU.ActiveCfg = Debug|Any CPU
		{C59E8648-6E69-490C-9649-E43A95883E69}.Debug|Any CPU.Build.0 = Debug|Any CPU
		{C59E8648-6E69-490C-9649-E43A95883E69}.Release|Any CPU.ActiveCfg = Release|Any CPU
		{C59E8648-6E69-490C-9649-E43A95883E69}.Release|Any CPU.Build.0 = Release|Any CPU
		{2BFACDC3-F44D-4199-8498-F5C3C4AC0335}.Debug|Any CPU.ActiveCfg = Debug|Any CPU
		{2BFACDC3-F44D-4199-8498-F5C3C4AC0335}.Debug|Any CPU.Build.0 = Debug|Any CPU
		{2BFACDC3-F44D-4199-8498-F5C3C4AC0335}.Release|Any CPU.ActiveCfg = Release|Any CPU
		{2BFACDC3-F44D-4199-8498-F5C3C4AC0335}.Release|Any CPU.Build.0 = Release|Any CPU
		{E461C0A8-8900-485C-B520-E929BA33F712}.Debug|Any CPU.ActiveCfg = Debug|Any CPU
		{E461C0A8-8900-485C-B520-E929BA33F712}.Debug|Any CPU.Build.0 = Debug|Any CPU
		{E461C0A8-8900-485C-B520-E929BA33F712}.Release|Any CPU.ActiveCfg = Release|Any CPU
		{E461C0A8-8900-485C-B520-E929BA33F712}.Release|Any CPU.Build.0 = Release|Any CPU
		{3A534F4E-A333-41A4-9209-99902FC58283}.Debug|Any CPU.ActiveCfg = Debug|Any CPU
		{3A534F4E-A333-41A4-9209-99902FC58283}.Debug|Any CPU.Build.0 = Debug|Any CPU
		{3A534F4E-A333-41A4-9209-99902FC58283}.Release|Any CPU.ActiveCfg = Release|Any CPU
		{3A534F4E-A333-41A4-9209-99902FC58283}.Release|Any CPU.Build.0 = Release|Any CPU
		{05603626-0F0B-449A-AAED-A51484C6A0CE}.Debug|Any CPU.ActiveCfg = Debug|Any CPU
		{05603626-0F0B-449A-AAED-A51484C6A0CE}.Debug|Any CPU.Build.0 = Debug|Any CPU
		{05603626-0F0B-449A-AAED-A51484C6A0CE}.Release|Any CPU.ActiveCfg = Release|Any CPU
		{05603626-0F0B-449A-AAED-A51484C6A0CE}.Release|Any CPU.Build.0 = Release|Any CPU
		{1C5BA055-271E-40A9-A30D-AACD03F1ABFD}.Debug|Any CPU.ActiveCfg = Debug|Any CPU
		{1C5BA055-271E-40A9-A30D-AACD03F1ABFD}.Debug|Any CPU.Build.0 = Debug|Any CPU
		{1C5BA055-271E-40A9-A30D-AACD03F1ABFD}.Release|Any CPU.ActiveCfg = Release|Any CPU
		{1C5BA055-271E-40A9-A30D-AACD03F1ABFD}.Release|Any CPU.Build.0 = Release|Any CPU
		{561A81E6-FB02-443E-9510-1B3FB200DE0D}.Debug|Any CPU.ActiveCfg = Debug|Any CPU
		{561A81E6-FB02-443E-9510-1B3FB200DE0D}.Debug|Any CPU.Build.0 = Debug|Any CPU
		{561A81E6-FB02-443E-9510-1B3FB200DE0D}.Release|Any CPU.ActiveCfg = Release|Any CPU
		{561A81E6-FB02-443E-9510-1B3FB200DE0D}.Release|Any CPU.Build.0 = Release|Any CPU
		{F4E127FE-745D-41CF-A616-D5657A225664}.Debug|Any CPU.ActiveCfg = Debug|Any CPU
		{F4E127FE-745D-41CF-A616-D5657A225664}.Debug|Any CPU.Build.0 = Debug|Any CPU
		{F4E127FE-745D-41CF-A616-D5657A225664}.Release|Any CPU.ActiveCfg = Release|Any CPU
		{F4E127FE-745D-41CF-A616-D5657A225664}.Release|Any CPU.Build.0 = Release|Any CPU
		{10741B38-7015-4BF0-9F9C-ABCD9A609CE7}.Debug|Any CPU.ActiveCfg = Debug|Any CPU
		{10741B38-7015-4BF0-9F9C-ABCD9A609CE7}.Debug|Any CPU.Build.0 = Debug|Any CPU
		{10741B38-7015-4BF0-9F9C-ABCD9A609CE7}.Release|Any CPU.ActiveCfg = Release|Any CPU
		{10741B38-7015-4BF0-9F9C-ABCD9A609CE7}.Release|Any CPU.Build.0 = Release|Any CPU
		{9629460F-6875-4F78-AFFB-A5FD0F63E783}.Debug|Any CPU.ActiveCfg = Debug|Any CPU
		{9629460F-6875-4F78-AFFB-A5FD0F63E783}.Debug|Any CPU.Build.0 = Debug|Any CPU
		{9629460F-6875-4F78-AFFB-A5FD0F63E783}.Release|Any CPU.ActiveCfg = Release|Any CPU
		{9629460F-6875-4F78-AFFB-A5FD0F63E783}.Release|Any CPU.Build.0 = Release|Any CPU
		{99D80059-DBCA-42A7-9A7B-3FEDD26652FA}.Debug|Any CPU.ActiveCfg = Debug|Any CPU
		{99D80059-DBCA-42A7-9A7B-3FEDD26652FA}.Debug|Any CPU.Build.0 = Debug|Any CPU
		{99D80059-DBCA-42A7-9A7B-3FEDD26652FA}.Release|Any CPU.ActiveCfg = Release|Any CPU
		{99D80059-DBCA-42A7-9A7B-3FEDD26652FA}.Release|Any CPU.Build.0 = Release|Any CPU
		{46E83855-247C-4B32-882A-A2A1DF89BE52}.Debug|Any CPU.ActiveCfg = Debug|Any CPU
		{46E83855-247C-4B32-882A-A2A1DF89BE52}.Debug|Any CPU.Build.0 = Debug|Any CPU
		{46E83855-247C-4B32-882A-A2A1DF89BE52}.Release|Any CPU.ActiveCfg = Release|Any CPU
		{46E83855-247C-4B32-882A-A2A1DF89BE52}.Release|Any CPU.Build.0 = Release|Any CPU
		{CC9568A5-6ADC-4513-808F-5562CD406A76}.Debug|Any CPU.ActiveCfg = Debug|Any CPU
		{CC9568A5-6ADC-4513-808F-5562CD406A76}.Debug|Any CPU.Build.0 = Debug|Any CPU
		{CC9568A5-6ADC-4513-808F-5562CD406A76}.Release|Any CPU.ActiveCfg = Release|Any CPU
		{CC9568A5-6ADC-4513-808F-5562CD406A76}.Release|Any CPU.Build.0 = Release|Any CPU
		{610E0920-F393-47E3-9B35-9E43983E7E1D}.Debug|Any CPU.ActiveCfg = Debug|Any CPU
		{610E0920-F393-47E3-9B35-9E43983E7E1D}.Debug|Any CPU.Build.0 = Debug|Any CPU
		{610E0920-F393-47E3-9B35-9E43983E7E1D}.Release|Any CPU.ActiveCfg = Release|Any CPU
		{610E0920-F393-47E3-9B35-9E43983E7E1D}.Release|Any CPU.Build.0 = Release|Any CPU
		{2E790409-A5F1-4A96-945C-BC411399250B}.Debug|Any CPU.ActiveCfg = Debug|Any CPU
		{2E790409-A5F1-4A96-945C-BC411399250B}.Debug|Any CPU.Build.0 = Debug|Any CPU
		{2E790409-A5F1-4A96-945C-BC411399250B}.Release|Any CPU.ActiveCfg = Release|Any CPU
		{2E790409-A5F1-4A96-945C-BC411399250B}.Release|Any CPU.Build.0 = Release|Any CPU
		{89BEAFD4-E006-4871-95D3-13937D659427}.Debug|Any CPU.ActiveCfg = Debug|Any CPU
		{89BEAFD4-E006-4871-95D3-13937D659427}.Debug|Any CPU.Build.0 = Debug|Any CPU
		{89BEAFD4-E006-4871-95D3-13937D659427}.Release|Any CPU.ActiveCfg = Release|Any CPU
		{89BEAFD4-E006-4871-95D3-13937D659427}.Release|Any CPU.Build.0 = Release|Any CPU
		{F75D07F0-0706-49C4-A18E-1FBBFEA118CD}.Debug|Any CPU.ActiveCfg = Debug|Any CPU
		{F75D07F0-0706-49C4-A18E-1FBBFEA118CD}.Debug|Any CPU.Build.0 = Debug|Any CPU
		{F75D07F0-0706-49C4-A18E-1FBBFEA118CD}.Release|Any CPU.ActiveCfg = Release|Any CPU
		{F75D07F0-0706-49C4-A18E-1FBBFEA118CD}.Release|Any CPU.Build.0 = Release|Any CPU
		{5E5CD565-1AC7-4667-A53E-A404F76732D0}.Debug|Any CPU.ActiveCfg = Debug|Any CPU
		{5E5CD565-1AC7-4667-A53E-A404F76732D0}.Debug|Any CPU.Build.0 = Debug|Any CPU
		{5E5CD565-1AC7-4667-A53E-A404F76732D0}.Release|Any CPU.ActiveCfg = Release|Any CPU
		{5E5CD565-1AC7-4667-A53E-A404F76732D0}.Release|Any CPU.Build.0 = Release|Any CPU
		{5F61B8CE-625E-4629-8892-935789FB3660}.Debug|Any CPU.ActiveCfg = Debug|Any CPU
		{5F61B8CE-625E-4629-8892-935789FB3660}.Debug|Any CPU.Build.0 = Debug|Any CPU
		{5F61B8CE-625E-4629-8892-935789FB3660}.Release|Any CPU.ActiveCfg = Release|Any CPU
		{5F61B8CE-625E-4629-8892-935789FB3660}.Release|Any CPU.Build.0 = Release|Any CPU
		{73D19D9B-01B5-4212-B502-45C35F623010}.Debug|Any CPU.ActiveCfg = Debug|Any CPU
		{73D19D9B-01B5-4212-B502-45C35F623010}.Debug|Any CPU.Build.0 = Debug|Any CPU
		{73D19D9B-01B5-4212-B502-45C35F623010}.Release|Any CPU.ActiveCfg = Release|Any CPU
		{73D19D9B-01B5-4212-B502-45C35F623010}.Release|Any CPU.Build.0 = Release|Any CPU
		{BD158234-2A12-4C56-ABA0-831C6D416B38}.Debug|Any CPU.ActiveCfg = Debug|Any CPU
		{BD158234-2A12-4C56-ABA0-831C6D416B38}.Debug|Any CPU.Build.0 = Debug|Any CPU
		{BD158234-2A12-4C56-ABA0-831C6D416B38}.Release|Any CPU.ActiveCfg = Release|Any CPU
		{BD158234-2A12-4C56-ABA0-831C6D416B38}.Release|Any CPU.Build.0 = Release|Any CPU
		{DE19983B-D468-4509-9D01-DB3A409CA019}.Debug|Any CPU.ActiveCfg = Debug|Any CPU
		{DE19983B-D468-4509-9D01-DB3A409CA019}.Debug|Any CPU.Build.0 = Debug|Any CPU
		{DE19983B-D468-4509-9D01-DB3A409CA019}.Release|Any CPU.ActiveCfg = Release|Any CPU
		{DE19983B-D468-4509-9D01-DB3A409CA019}.Release|Any CPU.Build.0 = Release|Any CPU
		{4B373A44-3542-43A6-A0CF-8DAED05D053F}.Debug|Any CPU.ActiveCfg = Debug|Any CPU
		{4B373A44-3542-43A6-A0CF-8DAED05D053F}.Debug|Any CPU.Build.0 = Debug|Any CPU
		{4B373A44-3542-43A6-A0CF-8DAED05D053F}.Release|Any CPU.ActiveCfg = Release|Any CPU
		{4B373A44-3542-43A6-A0CF-8DAED05D053F}.Release|Any CPU.Build.0 = Release|Any CPU
	EndGlobalSection
	GlobalSection(SolutionProperties) = preSolution
		HideSolutionNode = FALSE
	EndGlobalSection
	GlobalSection(NestedProjects) = preSolution
		{3DA4B922-7450-4D39-B5F7-43A430115A9E} = {C8346D52-C871-43E3-B99D-486823375FAB}
		{C2C699A5-7C1F-4709-9E92-C43816436A99} = {C8346D52-C871-43E3-B99D-486823375FAB}
		{8D80106E-BA07-4C3C-8B35-1BCC9D0D6DAE} = {1FA3B1C0-A50A-4463-9677-2ECD95B81BC6}
		{62B20F6A-6416-4DA4-888C-FFDCB3577C0F} = {8D80106E-BA07-4C3C-8B35-1BCC9D0D6DAE}
		{BC69CE50-296B-47FF-AF5A-23EAAEA620A5} = {1FA3B1C0-A50A-4463-9677-2ECD95B81BC6}
		{C9F62180-8D50-4B97-85E2-ED74B6C94A8D} = {BC69CE50-296B-47FF-AF5A-23EAAEA620A5}
		{85FA9BA2-F5A8-41B3-8B00-17AD298DA262} = {BC69CE50-296B-47FF-AF5A-23EAAEA620A5}
		{D86FC5F5-D2CA-47DB-BA4C-A805C459951E} = {1FA3B1C0-A50A-4463-9677-2ECD95B81BC6}
		{853D2837-6B88-4AD3-8445-0DB807AE1509} = {D86FC5F5-D2CA-47DB-BA4C-A805C459951E}
		{CEFDCB74-47C1-42D1-A316-EC343E09A2E2} = {D86FC5F5-D2CA-47DB-BA4C-A805C459951E}
		{A30A0642-CAF0-4050-A8E2-E57939D70814} = {C813EA53-B56B-4926-826A-62DEA7559518}
		{9E581505-C2F8-481D-8D91-DD9BB1F1D0F1} = {6ED5D7B6-0E54-4CE1-A963-C35564D4FC68}
		{652C2C02-55DA-490F-B175-E32AA18E7D2C} = {6ED5D7B6-0E54-4CE1-A963-C35564D4FC68}
		{82497272-992E-4B74-907B-F1CABA0DFAB7} = {652C2C02-55DA-490F-B175-E32AA18E7D2C}
		{F2275E66-2AD5-4F69-9F6F-AA4A8EF1FEBD} = {652C2C02-55DA-490F-B175-E32AA18E7D2C}
		{975AAB05-75E4-4E89-AD89-ABD31A93E62D} = {E1E8E60A-6E64-426F-8948-68297B2576E3}
		{769953E5-6966-4B5D-A40F-1BEAB5AF02B2} = {E1E8E60A-6E64-426F-8948-68297B2576E3}
		{1DD6E7DB-CA54-4EEE-9D0D-1EAE05FF99CA} = {769953E5-6966-4B5D-A40F-1BEAB5AF02B2}
		{E5CE1750-51B4-4E4C-A424-B9B01B6ECDB2} = {769953E5-6966-4B5D-A40F-1BEAB5AF02B2}
		{89F4E3F6-E827-43BB-B700-E694EC3D6394} = {97DB7AA5-6096-46E7-A90D-76AA78524EA1}
		{C2CF2F4B-A913-4477-A374-EA3236700707} = {89F4E3F6-E827-43BB-B700-E694EC3D6394}
		{45586CBC-2E06-4EF6-9480-8A30D895A2C0} = {89F4E3F6-E827-43BB-B700-E694EC3D6394}
		{1702608C-3486-4941-9F9C-0FA1DC65417E} = {769953E5-6966-4B5D-A40F-1BEAB5AF02B2}
		{591F460B-1F26-4952-A161-700295B8ACCF} = {769953E5-6966-4B5D-A40F-1BEAB5AF02B2}
		{5E85C0BE-E2D4-41E6-AD51-0C9FD19847CD} = {89F4E3F6-E827-43BB-B700-E694EC3D6394}
		{27845627-A646-4CDC-87D3-CCA2AC1A07F0} = {A1D7CBD2-B7C1-4DB4-AC8C-839341B7992E}
		{2D6417C6-02ED-43CD-99C6-C7946EEBBEEE} = {A1D7CBD2-B7C1-4DB4-AC8C-839341B7992E}
		{39ECA9C4-6E00-4E45-B641-A93D1D27C9C9} = {2D6417C6-02ED-43CD-99C6-C7946EEBBEEE}
		{428324C3-9B96-4B64-B3C6-17881262FC7E} = {2D6417C6-02ED-43CD-99C6-C7946EEBBEEE}
		{630D3D4A-98AF-499D-ABF0-FA70CCD40713} = {91563647-E728-4AB6-B9EC-338FAF2CE5A4}
		{C59E8648-6E69-490C-9649-E43A95883E69} = {91563647-E728-4AB6-B9EC-338FAF2CE5A4}
		{2BFACDC3-F44D-4199-8498-F5C3C4AC0335} = {E2A0BBD6-2AA1-4AA2-B2D5-652DFBA36598}
		{E461C0A8-8900-485C-B520-E929BA33F712} = {E2A0BBD6-2AA1-4AA2-B2D5-652DFBA36598}
		{3A534F4E-A333-41A4-9209-99902FC58283} = {91563647-E728-4AB6-B9EC-338FAF2CE5A4}
		{05603626-0F0B-449A-AAED-A51484C6A0CE} = {91563647-E728-4AB6-B9EC-338FAF2CE5A4}
		{1C5BA055-271E-40A9-A30D-AACD03F1ABFD} = {8EB610EF-5D33-42E0-8793-DD5EB081A2EA}
		{561A81E6-FB02-443E-9510-1B3FB200DE0D} = {C813EA53-B56B-4926-826A-62DEA7559518}
		{7C5D9C9C-D373-433C-8BC0-BFC6559629F5} = {8EB610EF-5D33-42E0-8793-DD5EB081A2EA}
		{F4E127FE-745D-41CF-A616-D5657A225664} = {7C5D9C9C-D373-433C-8BC0-BFC6559629F5}
		{10741B38-7015-4BF0-9F9C-ABCD9A609CE7} = {C813EA53-B56B-4926-826A-62DEA7559518}
		{9629460F-6875-4F78-AFFB-A5FD0F63E783} = {209D5523-516F-4A1E-84AD-1CD09D47EC1C}
		{578DD795-449A-40E7-A0ED-09B7734CD972} = {70DDB087-273C-4B76-B70C-6B1BD8923E6A}
		{99D80059-DBCA-42A7-9A7B-3FEDD26652FA} = {70DDB087-273C-4B76-B70C-6B1BD8923E6A}
		{46E83855-247C-4B32-882A-A2A1DF89BE52} = {578DD795-449A-40E7-A0ED-09B7734CD972}
		{CC9568A5-6ADC-4513-808F-5562CD406A76} = {70DDB087-273C-4B76-B70C-6B1BD8923E6A}
		{610E0920-F393-47E3-9B35-9E43983E7E1D} = {04E79049-7D47-4519-BB31-38E3EC416497}
		{475E1C0C-76A3-4AF6-A71C-250F8C0DDB0A} = {04E79049-7D47-4519-BB31-38E3EC416497}
		{2E790409-A5F1-4A96-945C-BC411399250B} = {475E1C0C-76A3-4AF6-A71C-250F8C0DDB0A}
		{89BEAFD4-E006-4871-95D3-13937D659427} = {04E79049-7D47-4519-BB31-38E3EC416497}
		{F75D07F0-0706-49C4-A18E-1FBBFEA118CD} = {C813EA53-B56B-4926-826A-62DEA7559518}
		{5E5CD565-1AC7-4667-A53E-A404F76732D0} = {1DF3705A-CB71-4236-994F-6B83E1E519BE}
		{5F61B8CE-625E-4629-8892-935789FB3660} = {C813EA53-B56B-4926-826A-62DEA7559518}
		{73D19D9B-01B5-4212-B502-45C35F623010} = {120579B2-1A3D-4682-9EC2-D35F4A3F233B}
		{FD896D71-608E-40E7-94DA-98F3AB9E179B} = {120579B2-1A3D-4682-9EC2-D35F4A3F233B}
		{BD158234-2A12-4C56-ABA0-831C6D416B38} = {FD896D71-608E-40E7-94DA-98F3AB9E179B}
		{DE19983B-D468-4509-9D01-DB3A409CA019} = {ADF22E5B-66BC-4912-8B81-78043367483A}
		{4B373A44-3542-43A6-A0CF-8DAED05D053F} = {ADF22E5B-66BC-4912-8B81-78043367483A}
	EndGlobalSection
	GlobalSection(ExtensibilityGlobals) = postSolution
		SolutionGuid = {DDB73B32-217D-4F24-95DA-DEBA7ACB6520}
	EndGlobalSection
EndGlobal
