
Microsoft Visual Studio Solution File, Format Version 12.00
# Visual Studio Version 17
VisualStudioVersion = 17.9.34607.119
MinimumVisualStudioVersion = 10.0.40219.1
Project("{2150E333-8FDC-42A3-9474-1A3956D46DE8}") = "Chapter01", "Chapter01", "{C8346D52-C871-43E3-B99D-486823375FAB}"
EndProject
Project("{FAE04EC0-301F-11D3-BF4B-00C04F79EFBC}") = "ProductSample", "ProductSample\ProductSample.csproj", "{3DA4B922-7450-4D39-B5F7-43A430115A9E}"
EndProject
Project("{FAE04EC0-301F-11D3-BF4B-00C04F79EFBC}") = "sample_p38", "Chapter01\sample_p38\sample_p38.csproj", "{C2C699A5-7C1F-4709-9E92-C43816436A99}"
EndProject
Project("{2150E333-8FDC-42A3-9474-1A3956D46DE8}") = "Chapter02", "Chapter02", "{1FA3B1C0-A50A-4463-9677-2ECD95B81BC6}"
EndProject
Project("{2150E333-8FDC-42A3-9474-1A3956D46DE8}") = "距離換算プログラム", "距離換算プログラム", "{8D80106E-BA07-4C3C-8B35-1BCC9D0D6DAE}"
EndProject
Project("{FAE04EC0-301F-11D3-BF4B-00C04F79EFBC}") = "DistanceConverter", "Chapter02\DistanceConverter\DistanceConverter.csproj", "{62B20F6A-6416-4DA4-888C-FFDCB3577C0F}"
EndProject
Project("{2150E333-8FDC-42A3-9474-1A3956D46DE8}") = "売上集計プログラム", "売上集計プログラム", "{BC69CE50-296B-47FF-AF5A-23EAAEA620A5}"
EndProject
Project("{FAE04EC0-301F-11D3-BF4B-00C04F79EFBC}") = "SalesCounter", "Program\SalesCounter.csproj", "{C9F62180-8D50-4B97-85E2-ED74B6C94A8D}"
EndProject
Project("{2150E333-8FDC-42A3-9474-1A3956D46DE8}") = "data", "data", "{85FA9BA2-F5A8-41B3-8B00-17AD298DA262}"
EndProject
Project("{2150E333-8FDC-42A3-9474-1A3956D46DE8}") = "#演習問題", "#演習問題", "{D86FC5F5-D2CA-47DB-BA4C-A805C459951E}"
EndProject
Project("{FAE04EC0-301F-11D3-BF4B-00C04F79EFBC}") = "Exercise1", "Chapter02\演習問題\Exercise1\Exercise1.csproj", "{853D2837-6B88-4AD3-8445-0DB807AE1509}"
EndProject
Project("{FAE04EC0-301F-11D3-BF4B-00C04F79EFBC}") = "Exercise2", "Chapter02\演習問題\Exercise2\Exercise2.csproj", "{CEFDCB74-47C1-42D1-A316-EC343E09A2E2}"
EndProject
Project("{2150E333-8FDC-42A3-9474-1A3956D46DE8}") = "FormApps", "FormApps", "{C813EA53-B56B-4926-826A-62DEA7559518}"
EndProject
Project("{FAE04EC0-301F-11D3-BF4B-00C04F79EFBC}") = "BallApp", "BallApp\BallApp.csproj", "{B0BFC53E-9AB1-471B-B15F-F4FD08FBC924}"
EndProject
Global
	GlobalSection(SolutionConfigurationPlatforms) = preSolution
		Debug|Any CPU = Debug|Any CPU
		Release|Any CPU = Release|Any CPU
	EndGlobalSection
	GlobalSection(ProjectConfigurationPlatforms) = postSolution
		{3DA4B922-7450-4D39-B5F7-43A430115A9E}.Debug|Any CPU.ActiveCfg = Debug|Any CPU
		{3DA4B922-7450-4D39-B5F7-43A430115A9E}.Debug|Any CPU.Build.0 = Debug|Any CPU
		{3DA4B922-7450-4D39-B5F7-43A430115A9E}.Release|Any CPU.ActiveCfg = Release|Any CPU
		{3DA4B922-7450-4D39-B5F7-43A430115A9E}.Release|Any CPU.Build.0 = Release|Any CPU
		{C2C699A5-7C1F-4709-9E92-C43816436A99}.Debug|Any CPU.ActiveCfg = Debug|Any CPU
		{C2C699A5-7C1F-4709-9E92-C43816436A99}.Debug|Any CPU.Build.0 = Debug|Any CPU
		{C2C699A5-7C1F-4709-9E92-C43816436A99}.Release|Any CPU.ActiveCfg = Release|Any CPU
		{C2C699A5-7C1F-4709-9E92-C43816436A99}.Release|Any CPU.Build.0 = Release|Any CPU
		{62B20F6A-6416-4DA4-888C-FFDCB3577C0F}.Debug|Any CPU.ActiveCfg = Debug|Any CPU
		{62B20F6A-6416-4DA4-888C-FFDCB3577C0F}.Debug|Any CPU.Build.0 = Debug|Any CPU
		{62B20F6A-6416-4DA4-888C-FFDCB3577C0F}.Release|Any CPU.ActiveCfg = Release|Any CPU
		{62B20F6A-6416-4DA4-888C-FFDCB3577C0F}.Release|Any CPU.Build.0 = Release|Any CPU
		{C9F62180-8D50-4B97-85E2-ED74B6C94A8D}.Debug|Any CPU.ActiveCfg = Debug|Any CPU
		{C9F62180-8D50-4B97-85E2-ED74B6C94A8D}.Debug|Any CPU.Build.0 = Debug|Any CPU
		{C9F62180-8D50-4B97-85E2-ED74B6C94A8D}.Release|Any CPU.ActiveCfg = Release|Any CPU
		{C9F62180-8D50-4B97-85E2-ED74B6C94A8D}.Release|Any CPU.Build.0 = Release|Any CPU
		{853D2837-6B88-4AD3-8445-0DB807AE1509}.Debug|Any CPU.ActiveCfg = Debug|Any CPU
		{853D2837-6B88-4AD3-8445-0DB807AE1509}.Debug|Any CPU.Build.0 = Debug|Any CPU
		{853D2837-6B88-4AD3-8445-0DB807AE1509}.Release|Any CPU.ActiveCfg = Release|Any CPU
		{853D2837-6B88-4AD3-8445-0DB807AE1509}.Release|Any CPU.Build.0 = Release|Any CPU
		{CEFDCB74-47C1-42D1-A316-EC343E09A2E2}.Debug|Any CPU.ActiveCfg = Debug|Any CPU
		{CEFDCB74-47C1-42D1-A316-EC343E09A2E2}.Debug|Any CPU.Build.0 = Debug|Any CPU
		{CEFDCB74-47C1-42D1-A316-EC343E09A2E2}.Release|Any CPU.ActiveCfg = Release|Any CPU
		{CEFDCB74-47C1-42D1-A316-EC343E09A2E2}.Release|Any CPU.Build.0 = Release|Any CPU
		{B0BFC53E-9AB1-471B-B15F-F4FD08FBC924}.Debug|Any CPU.ActiveCfg = Debug|Any CPU
		{B0BFC53E-9AB1-471B-B15F-F4FD08FBC924}.Debug|Any CPU.Build.0 = Debug|Any CPU
		{B0BFC53E-9AB1-471B-B15F-F4FD08FBC924}.Release|Any CPU.ActiveCfg = Release|Any CPU
		{B0BFC53E-9AB1-471B-B15F-F4FD08FBC924}.Release|Any CPU.Build.0 = Release|Any CPU
	EndGlobalSection
	GlobalSection(SolutionProperties) = preSolution
		HideSolutionNode = FALSE
	EndGlobalSection
	GlobalSection(NestedProjects) = preSolution
		{3DA4B922-7450-4D39-B5F7-43A430115A9E} = {C8346D52-C871-43E3-B99D-486823375FAB}
		{C2C699A5-7C1F-4709-9E92-C43816436A99} = {C8346D52-C871-43E3-B99D-486823375FAB}
		{8D80106E-BA07-4C3C-8B35-1BCC9D0D6DAE} = {1FA3B1C0-A50A-4463-9677-2ECD95B81BC6}
		{62B20F6A-6416-4DA4-888C-FFDCB3577C0F} = {8D80106E-BA07-4C3C-8B35-1BCC9D0D6DAE}
		{BC69CE50-296B-47FF-AF5A-23EAAEA620A5} = {1FA3B1C0-A50A-4463-9677-2ECD95B81BC6}
		{C9F62180-8D50-4B97-85E2-ED74B6C94A8D} = {BC69CE50-296B-47FF-AF5A-23EAAEA620A5}
		{85FA9BA2-F5A8-41B3-8B00-17AD298DA262} = {BC69CE50-296B-47FF-AF5A-23EAAEA620A5}
		{D86FC5F5-D2CA-47DB-BA4C-A805C459951E} = {1FA3B1C0-A50A-4463-9677-2ECD95B81BC6}
		{853D2837-6B88-4AD3-8445-0DB807AE1509} = {D86FC5F5-D2CA-47DB-BA4C-A805C459951E}
		{CEFDCB74-47C1-42D1-A316-EC343E09A2E2} = {D86FC5F5-D2CA-47DB-BA4C-A805C459951E}
		{B0BFC53E-9AB1-471B-B15F-F4FD08FBC924} = {C813EA53-B56B-4926-826A-62DEA7559518}
	EndGlobalSection
	GlobalSection(ExtensibilityGlobals) = postSolution
		SolutionGuid = {DDB73B32-217D-4F24-95DA-DEBA7ACB6520}
	EndGlobalSection
EndGlobal
