
Microsoft Visual Studio Solution File, Format Version 12.00
# Visual Studio Version 17
VisualStudioVersion = 17.9.34622.214
MinimumVisualStudioVersion = 10.0.40219.1
Project("{FAE04EC0-301F-11D3-BF4B-00C04F79EFBC}") = "Sample0411", "Sample0411\Sample0411.csproj", "{F70FFFEC-2CA0-430A-9CF2-56CC95C5419B}"
EndProject
Global
	GlobalSection(SolutionConfigurationPlatforms) = preSolution
		Debug|Any CPU = Debug|Any CPU
		Release|Any CPU = Release|Any CPU
	EndGlobalSection
	GlobalSection(ProjectConfigurationPlatforms) = postSolution
		{F70FFFEC-2CA0-430A-9CF2-56CC95C5419B}.Debug|Any CPU.ActiveCfg = Debug|Any CPU
		{F70FFFEC-2CA0-430A-9CF2-56CC95C5419B}.Debug|Any CPU.Build.0 = Debug|Any CPU
		{F70FFFEC-2CA0-430A-9CF2-56CC95C5419B}.Release|Any CPU.ActiveCfg = Release|Any CPU
		{F70FFFEC-2CA0-430A-9CF2-56CC95C5419B}.Release|Any CPU.Build.0 = Release|Any CPU
	EndGlobalSection
	GlobalSection(SolutionProperties) = preSolution
		HideSolutionNode = FALSE
	EndGlobalSection
	GlobalSection(ExtensibilityGlobals) = postSolution
		SolutionGuid = {2B12747C-BF95-4D4E-BAC2-15C9B40473A6}
	EndGlobalSection
EndGlobal
